# This file is generated by running "yarn install" inside your project.
# Manual changes might be lost - proceed with caution!

__metadata:
  version: 10
  cacheKey: 10c0

"commercetools-sdk-java-v2@workspace:.":
  version: 0.0.0-use.local
  resolution: "commercetools-sdk-java-v2@workspace:."
  dependencies:
    husky: "npm:9.1.7"
    lint-staged: "npm:17.3.0"
  languageName: unknown
  linkType: soft

"husky@npm:9.1.7":
  version: 9.1.7
  resolution: "husky@npm:9.1.7"
  bin:
    husky: bin.js
  checksum: 10c0/35bb110a71086c48906aa7cd3ed4913fb913823715359d65e32e0b964cb1e255593b0ae8014a5005c66a68e6fa66c38dcfa8056dbbdfb8b0187c0ffe7ee3a58f
  languageName: node
  linkType: hard

"lint-staged@npm:17.3.0":
  version: 17.3.0
  resolution: "lint-staged@npm:17.3.0"
  dependencies:
    picomatch: "npm:^4.0.5"
    string-argv: "npm:^0.3.2"
    tinyexec: "npm:^1.2.4"
    yaml: "npm:^2.9.0"
  dependenciesMeta:
    yaml:
      optional: true
  bin:
    lint-staged: bin/lint-staged.js
  checksum: 10c0/48703bf88fd834a5575b4f7fc77aadc7be21017ca66db4255b8962515f7b3df523ec23a1f198fb89eddc838268f2472a613723a7b058ad9260367a1698ce76e1
  languageName: node
  linkType: hard

"picomatch@npm:^4.0.5":
  version: 4.0.5
  resolution: "picomatch@npm:4.0.5"
  checksum: 10c0/947bc6b6e1ff1e6c5aaf95b107a0839d12802f4f7b867663f67d47accba939ca1cb582cf99dfc30438efa1c4648ac5990967e783e8929c36b03e8440704ef1bd
  languageName: node
  linkType: hard

"string-argv@npm:^0.3.2":
  version: 0.3.2
  resolution: "string-argv@npm:0.3.2"
  checksum: 10c0/75c02a83759ad1722e040b86823909d9a2fc75d15dd71ec4b537c3560746e33b5f5a07f7332d1e3f88319909f82190843aa2f0a0d8c8d591ec08e93d5b8dec82
  languageName: node
  linkType: hard

"tinyexec@npm:^1.2.4":
  version: 1.3.0
  resolution: "tinyexec@npm:1.3.0"
  checksum: 10c0/e9b89f97489d2aab2cef408da279e6b32547e738d1275032ccb8fd0028a006d93eb70fc51c6cffd9fc2f5aca6c2a273d8b6f73b52d46ee5116da6b94969ef958
  languageName: node
  linkType: hard

"yaml@npm:^2.9.0":
  version: 2.9.0
  resolution: "yaml@npm:2.9.0"
  bin:
    yaml: bin.mjs
  checksum: 10c0/f340718df45e97a9551b9bf9dac61c80050bc464513b710debfb5067c380c8472e3b67809cffacb4ab5ffb5e66ef9310816c88b05f371cec60abfedd8c88e0a2
  languageName: node
  linkType: hard
