# This file is generated by running "yarn install" inside your project.
# Manual changes might be lost - proceed with caution!

__metadata:
  version: 10
  cacheKey: 10c0

"commercetools-sdk-java-v2@workspace:.":
  version: 0.0.0-use.local
  resolution: "commercetools-sdk-java-v2@workspace:."
  dependencies:
    husky: "npm:9.1.7"
    lint-staged: "npm:17.5.0"
  languageName: unknown
  linkType: soft

"husky@npm:9.1.7":
  version: 9.1.7
  resolution: "husky@npm:9.1.7"
  bin:
    husky: bin.js
  checksum: 10c0/35bb110a71086c48906aa7cd3ed4913fb913823715359d65e32e0b964cb1e255593b0ae8014a5005c66a68e6fa66c38dcfa8056dbbdfb8b0187c0ffe7ee3a58f
  languageName: node
  linkType: hard

"lint-staged@npm:17.5.0":
  version: 17.5.0
  resolution: "lint-staged@npm:17.5.0"
  dependencies:
    picomatch: "npm:^4.0.7"
    string-argv: "npm:^0.3.2"
    tinyexec: "npm:^1.3.1"
    yaml: "npm:^2.9.0"
  dependenciesMeta:
    yaml:
      optional: true
  bin:
    lint-staged: bin/lint-staged.js
  checksum: 10c0/fcf3f8baeb9dee5366698bf55ecd40a5004b79c60a29e8cd3ed30f62475af3da67492aa88b3432ea61bbf416577ef9fb8d7f73428c71000c0cd937945809a7ed
  languageName: node
  linkType: hard

"picomatch@npm:^4.0.7":
  version: 4.0.7
  resolution: "picomatch@npm:4.0.7"
  checksum: 10c0/beb6ae02c43ae44e84883b90830196d9046b1726ead292adcf7f57945e0bb0d992d68563d87e03b484b6f3c9a5c6defda7523477f047d7f0e663f126cc01787f
  languageName: node
  linkType: hard

"string-argv@npm:^0.3.2":
  version: 0.3.2
  resolution: "string-argv@npm:0.3.2"
  checksum: 10c0/75c02a83759ad1722e040b86823909d9a2fc75d15dd71ec4b537c3560746e33b5f5a07f7332d1e3f88319909f82190843aa2f0a0d8c8d591ec08e93d5b8dec82
  languageName: node
  linkType: hard

"tinyexec@npm:^1.3.1":
  version: 1.3.1
  resolution: "tinyexec@npm:1.3.1"
  checksum: 10c0/c590369cb3fa73cc18a3998caec8a00f9712d91309c881be3ac52b160fb2f80c7b1fbf3591858ab6abab47ad55385b0c86ec19982e32441a01f55298dab9ccd2
  languageName: node
  linkType: hard

"yaml@npm:^2.9.0":
  version: 2.9.0
  resolution: "yaml@npm:2.9.0"
  bin:
    yaml: bin.mjs
  checksum: 10c0/f340718df45e97a9551b9bf9dac61c80050bc464513b710debfb5067c380c8472e3b67809cffacb4ab5ffb5e66ef9310816c88b05f371cec60abfedd8c88e0a2
  languageName: node
  linkType: hard
